
Microsoft Visual Studio Solution File, Format Version 12.00
# Visual Studio Version 17
VisualStudioVersion = 17.0.31919.166
MinimumVisualStudioVersion = 10.0.40219.1
Project("{2150E333-8FDC-42A3-9474-1A3956D46DE8}") = "src", "src", "{1A9F5B3E-9E3D-4B7C-8F5A-2C3D4E5F6G7H}"
EndProject
Project("{2150E333-8FDC-42A3-9474-1A3956D46DE8}") = "tests", "tests", "{2B0G6C4F-0F4E-5C8D-9G6B-3D4E5F6G7H8I}"
EndProject
Project("{FAE04EC0-301F-11D3-BF4B-00C04F79EFBC}") = "ApiDapperClean.Api", "src\ApiDapperClean.Api\ApiDapperClean.Api.csproj", "{3C1H7D5G-1G5F-6D9E-0H7C-4E5F6G7H8I9J}"
EndProject
Project("{FAE04EC0-301F-11D3-BF4B-00C04F79EFBC}") = "ApiDapperClean.Application", "src\ApiDapperClean.Application\ApiDapperClean.Application.csproj", "{4D2I8E6H-2H6G-7E0F-1I8D-5F6G7H8I9J0K}"
EndProject
Project("{FAE04EC0-301F-11D3-BF4B-00C04F79EFBC}") = "ApiDapperClean.Domain", "src\ApiDapperClean.Domain\ApiDapperClean.Domain.csproj", "{5E3J9F7I-3I7H-8F1G-2J9E-6G7H8I9J0K1L}"
EndProject
Project("{FAE04EC0-301F-11D3-BF4B-00C04F79EFBC}") = "ApiDapperClean.Infrastructure", "src\ApiDapperClean.Infrastructure\ApiDapperClean.Infrastructure.csproj", "{6F4K0G8J-4J8I-9G2H-3K0F-7H8I9J0K1L2M}"
EndProject
Global
	GlobalSection(SolutionConfigurationPlatforms) = preSolution
		Debug|Any CPU = Debug|Any CPU
		Release|Any CPU = Release|Any CPU
	EndGlobalSection
	GlobalSection(ProjectConfigurationPlatforms) = postSolution
		{3C1H7D5G-1G5F-6D9E-0H7C-4E5F6G7H8I9J}.Debug|Any CPU.ActiveCfg = Debug|Any CPU
		{3C1H7D5G-1G5F-6D9E-0H7C-4E5F6G7H8I9J}.Debug|Any CPU.Build.0 = Debug|Any CPU
		{3C1H7D5G-1G5F-6D9E-0H7C-4E5F6G7H8I9J}.Release|Any CPU.ActiveCfg = Release|Any CPU
		{3C1H7D5G-1G5F-6D9E-0H7C-4E5F6G7H8I9J}.Release|Any CPU.Build.0 = Release|Any CPU
		{4D2I8E6H-2H6G-7E0F-1I8D-5F6G7H8I9J0K}.Debug|Any CPU.ActiveCfg = Debug|Any CPU
		{4D2I8E6H-2H6G-7E0F-1I8D-5F6G7H8I9J0K}.Debug|Any CPU.Build.0 = Debug|Any CPU
		{4D2I8E6H-2H6G-7E0F-1I8D-5F6G7H8I9J0K}.Release|Any CPU.ActiveCfg = Release|Any CPU
		{4D2I8E6H-2H6G-7E0F-1I8D-5F6G7H8I9J0K}.Release|Any CPU.Build.0 = Release|Any CPU
		{5E3J9F7I-3I7H-8F1G-2J9E-6G7H8I9J0K1L}.Debug|Any CPU.ActiveCfg = Debug|Any CPU
		{5E3J9F7I-3I7H-8F1G-2J9E-6G7H8I9J0K1L}.Debug|Any CPU.Build.0 = Debug|Any CPU
		{5E3J9F7I-3I7H-8F1G-2J9E-6G7H8I9J0K1L}.Release|Any CPU.ActiveCfg = Release|Any CPU
		{5E3J9F7I-3I7H-8F1G-2J9E-6G7H8I9J0K1L}.Release|Any CPU.Build.0 = Release|Any CPU
		{6F4K0G8J-4J8I-9G2H-3K0F-7H8I9J0K1L2M}.Debug|Any CPU.ActiveCfg = Debug|Any CPU
		{6F4K0G8J-4J8I-9G2H-3K0F-7H8I9J0K1L2M}.Debug|Any CPU.Build.0 = Debug|Any CPU
		{6F4K0G8J-4J8I-9G2H-3K0F-7H8I9J0K1L2M}.Release|Any CPU.ActiveCfg = Release|Any CPU
		{6F4K0G8J-4J8I-9G2H-3K0F-7H8I9J0K1L2M}.Release|Any CPU.Build.0 = Release|Any CPU
		{7G5L1H9K-5K9J-0H3I-4L1G-8I9J0K1L2M3N}.Debug|Any CPU.ActiveCfg = Debug|Any CPU
		{7G5L1H9K-5K9J-0H3I-4L1G-8I9J0K1L2M3N}.Debug|Any CPU.Build.0 = Debug|Any CPU
		{7G5L1H9K-5K9J-0H3I-4L1G-8I9J0K1L2M3N}.Release|Any CPU.ActiveCfg = Release|Any CPU
		{7G5L1H9K-5K9J-0H3I-4L1G-8I9J0K1L2M3N}.Release|Any CPU.Build.0 = Release|Any CPU
	EndGlobalSection
EndGlobal
